// !$*UTF8*$!
{
	archiveVersion = 1;
	classes = {
	};
	objectVersion = 46;
	objects = {

/* Begin PBXBuildFile section */
		84E31ADA1ACE9A680035B86A /* main.m in Sources */ = {isa = PBXBuildFile; fileRef = 84E31AD91ACE9A680035B86A /* main.m */; };
		84E31ADD1ACE9A680035B86A /* AppDelegate.m in Sources */ = {isa = PBXBuildFile; fileRef = 84E31ADC1ACE9A680035B86A /* AppDelegate.m */; };
		84E31AE01ACE9A680035B86A /* ViewController.m in Sources */ = {isa = PBXBuildFile; fileRef = 84E31ADF1ACE9A680035B86A /* ViewController.m */; };
		84E31AE31ACE9A680035B86A /* Main.storyboard in Resources */ = {isa = PBXBuildFile; fileRef = 84E31AE11ACE9A680035B86A /* Main.storyboard */; };
		84E31AE51ACE9A680035B86A /* Images.xcassets in Resources */ = {isa = PBXBuildFile; fileRef = 84E31AE41ACE9A680035B86A /* Images.xcassets */; };
		84E31AE81ACE9A680035B86A /* LaunchScreen.xib in Resources */ = {isa = PBXBuildFile; fileRef = 84E31AE61ACE9A680035B86A /* LaunchScreen.xib */; };
		84E31AF41ACE9A680035B86A /* CoozieTests.m in Sources */ = {isa = PBXBuildFile; fileRef = 84E31AF31ACE9A680035B86A /* CoozieTests.m */; };
/* End PBXBuildFile section */

/* Begin PBXContainerItemProxy section */
		84E31AEE1ACE9A680035B86A /* PBXContainerItemProxy */ = {
			isa = PBXContainerItemProxy;
			containerPortal = 84E31ACC1ACE9A680035B86A /* Project object */;
			proxyType = 1;
			remoteGlobalIDString = 84E31AD31ACE9A680035B86A;
			remoteInfo = Coozie;
		};
/* End PBXContainerItemProxy section */

/* Begin PBXFileReference section */
		84E31AD41ACE9A680035B86A /* Coozie.app */ = {isa = PBXFileReference; explicitFileType = wrapper.application; includeInIndex = 0; path = Coozie.app; sourceTree = BUILT_PRODUCTS_DIR; };
		84E31AD81ACE9A680035B86A /* Info.plist */ = {isa = PBXFileReference; lastKnownFileType = text.plist.xml; path = Info.plist; sourceTree = "<group>"; };
		84E31AD91ACE9A680035B86A /* main.m */ = {isa = PBXFileReference; lastKnownFileType = sourcecode.c.objc; path = main.m; sourceTree = "<group>"; };
		84E31ADB1ACE9A680035B86A /* AppDelegate.h */ = {isa = PBXFileReference; lastKnownFileType = sourcecode.c.h; path = AppDelegate.h; sourceTree = "<group>"; };
		84E31ADC1ACE9A680035B86A /* AppDelegate.m */ = {isa = PBXFileReference; lastKnownFileType = sourcecode.c.objc; path = AppDelegate.m; sourceTree = "<group>"; };
		84E31ADE1ACE9A680035B86A /* ViewController.h */ = {isa = PBXFileReference; lastKnownFileType = sourcecode.c.h; path = ViewController.h; sourceTree = "<group>"; };
		84E31ADF1ACE9A680035B86A /* ViewController.m */ = {isa = PBXFileReference; lastKnownFileType = sourcecode.c.objc; path = ViewController.m; sourceTree = "<group>"; };
		84E31AE21ACE9A680035B86A /* Base */ = {isa = PBXFileReference; lastKnownFileType = file.storyboard; name = Base; path = Base.lproj/Main.storyboard; sourceTree = "<group>"; };
		84E31AE41ACE9A680035B86A /* Images.xcassets */ = {isa = PBXFileReference; lastKnownFileType = folder.assetcatalog; path = Images.xcassets; sourceTree = "<group>"; };
		84E31AE71ACE9A680035B86A /* Base */ = {isa = PBXFileReference; lastKnownFileType = file.xib; name = Base; path = Base.lproj/LaunchScreen.xib; sourceTree = "<group>"; };
		84E31AED1ACE9A680035B86A /* CoozieTests.xctest */ = {isa = PBXFileReference; explicitFileType = wrapper.cfbundle; includeInIndex = 0; path = CoozieTests.xctest; sourceTree = BUILT_PRODUCTS_DIR; };
		84E31AF21ACE9A680035B86A /* Info.plist */ = {isa = PBXFileReference; lastKnownFileType = text.plist.xml; path = Info.plist; sourceTree = "<group>"; };
		84E31AF31ACE9A680035B86A /* CoozieTests.m */ = {isa = PBXFileReference; lastKnownFileType = sourcecode.c.objc; path = CoozieTests.m; sourceTree = "<group>"; };
/* End PBXFileReference section */

/* Begin PBXFrameworksBuildPhase section */
		84E31AD11ACE9A680035B86A /* Frameworks */ = {
			isa = PBXFrameworksBuildPhase;
			buildActionMask = 2147483647;
			files = (
			);
			runOnlyForDeploymentPostprocessing = 0;
		};
		84E31AEA1ACE9A680035B86A /* Frameworks */ = {
			isa = PBXFrameworksBuildPhase;
			buildActionMask = 2147483647;
			files = (
			);
			runOnlyForDeploymentPostprocessing = 0;
		};
/* End PBXFrameworksBuildPhase section */

/* Begin PBXGroup section */
		84E31ACB1ACE9A680035B86A = {
			isa = PBXGroup;
			children = (
				84E31AD61ACE9A680035B86A /* Coozie */,
				84E31AF01ACE9A680035B86A /* CoozieTests */,
				84E31AD51ACE9A680035B86A /* Products */,
			);
			sourceTree = "<group>";
		};
		84E31AD51ACE9A680035B86A /* Products */ = {
			isa = PBXGroup;
			children = (
				84E31AD41ACE9A680035B86A /* Coozie.app */,
				84E31AED1ACE9A680035B86A /* CoozieTests.xctest */,
			);
			name = Products;
			sourceTree = "<group>";
		};
		84E31AD61ACE9A680035B86A /* Coozie */ = {
			isa = PBXGroup;
			children = (
				84E31ADB1ACE9A680035B86A /* AppDelegate.h */,
				84E31ADC1ACE9A680035B86A /* AppDelegate.m */,
				84E31ADE1ACE9A680035B86A /* ViewController.h */,
				84E31ADF1ACE9A680035B86A /* ViewController.m */,
				84E31AE11ACE9A680035B86A /* Main.storyboard */,
				84E31AE41ACE9A680035B86A /* Images.xcassets */,
				84E31AE61ACE9A680035B86A /* LaunchScreen.xib */,
				84E31AD71ACE9A680035B86A /* Supporting Files */,
			);
			path = Coozie;
			sourceTree = "<group>";
		};
		84E31AD71ACE9A680035B86A /* Supporting Files */ = {
			isa = PBXGroup;
			children = (
				84E31AD81ACE9A680035B86A /* Info.plist */,
				84E31AD91ACE9A680035B86A /* main.m */,
			);
			name = "Supporting Files";
			sourceTree = "<group>";
		};
		84E31AF01ACE9A680035B86A /* CoozieTests */ = {
			isa = PBXGroup;
			children = (
				84E31AF31ACE9A680035B86A /* CoozieTests.m */,
				84E31AF11ACE9A680035B86A /* Supporting Files */,
			);
			path = CoozieTests;
			sourceTree = "<group>";
		};
		84E31AF11ACE9A680035B86A /* Supporting Files */ = {
			isa = PBXGroup;
			children = (
				84E31AF21ACE9A680035B86A /* Info.plist */,
			);
			name = "Supporting Files";
			sourceTree = "<group>";
		};
/* End PBXGroup section */

/* Begin PBXNativeTarget section */
		84E31AD31ACE9A680035B86A /* Coozie */ = {
			isa = PBXNativeTarget;
			buildConfigurationList = 84E31AF71ACE9A680035B86A /* Build configuration list for PBXNativeTarget "Coozie" */;
			buildPhases = (
				84E31AD01ACE9A680035B86A /* Sources */,
				84E31AD11ACE9A680035B86A /* Frameworks */,
				84E31AD21ACE9A680035B86A /* Resources */,
			);
			buildRules = (
			);
			dependencies = (
			);
			name = Coozie;
			productName = Coozie;
			productReference = 84E31AD41ACE9A680035B86A /* Coozie.app */;
			productType = "com.apple.product-type.application";
		};
		84E31AEC1ACE9A680035B86A /* CoozieTests */ = {
			isa = PBXNativeTarget;
			buildConfigurationList = 84E31AFA1ACE9A680035B86A /* Build configuration list for PBXNativeTarget "CoozieTests" */;
			buildPhases = (
				84E31AE91ACE9A680035B86A /* Sources */,
				84E31AEA1ACE9A680035B86A /* Frameworks */,
				84E31AEB1ACE9A680035B86A /* Resources */,
			);
			buildRules = (
			);
			dependencies = (
				84E31AEF1ACE9A680035B86A /* PBXTargetDependency */,
			);
			name = CoozieTests;
			productName = CoozieTests;
			productReference = 84E31AED1ACE9A680035B86A /* CoozieTests.xctest */;
			productType = "com.apple.product-type.bundle.unit-test";
		};
/* End PBXNativeTarget section */

/* Begin PBXProject section */
		84E31ACC1ACE9A680035B86A /* Project object */ = {
			isa = PBXProject;
			attributes = {
				LastUpgradeCheck = 0610;
				ORGANIZATIONNAME = "Oren Rosenblum";
				TargetAttributes = {
					84E31AD31ACE9A680035B86A = {
						CreatedOnToolsVersion = 6.1.1;
					};
					84E31AEC1ACE9A680035B86A = {
						CreatedOnToolsVersion = 6.1.1;
						TestTargetID = 84E31AD31ACE9A680035B86A;
					};
				};
			};
			buildConfigurationList = 84E31ACF1ACE9A680035B86A /* Build configuration list for PBXProject "Coozie" */;
			compatibilityVersion = "Xcode 3.2";
			developmentRegion = English;
			hasScannedForEncodings = 0;
			knownRegions = (
				en,
				Base,
			);
			mainGroup = 84E31ACB1ACE9A680035B86A;
			productRefGroup = 84E31AD51ACE9A680035B86A /* Products */;
			projectDirPath = "";
			projectRoot = "";
			targets = (
				84E31AD31ACE9A680035B86A /* Coozie */,
				84E31AEC1ACE9A680035B86A /* CoozieTests */,
			);
		};
/* End PBXProject section */

/* Begin PBXResourcesBuildPhase section */
		84E31AD21ACE9A680035B86A /* Resources */ = {
			isa = PBXResourcesBuildPhase;
			buildActionMask = 2147483647;
			files = (
				84E31AE31ACE9A680035B86A /* Main.storyboard in Resources */,
				84E31AE81ACE9A680035B86A /* LaunchScreen.xib in Resources */,
				84E31AE51ACE9A680035B86A /* Images.xcassets in Resources */,
			);
			runOnlyForDeploymentPostprocessing = 0;
		};
		84E31AEB1ACE9A680035B86A /* Resources */ = {
			isa = PBXResourcesBuildPhase;
			buildActionMask = 2147483647;
			files = (
			);
			runOnlyForDeploymentPostprocessing = 0;
		};
/* End PBXResourcesBuildPhase section */

/* Begin PBXSourcesBuildPhase section */
		84E31AD01ACE9A680035B86A /* Sources */ = {
			isa = PBXSourcesBuildPhase;
			buildActionMask = 2147483647;
			files = (
				84E31AE01ACE9A680035B86A /* ViewController.m in Sources */,
				84E31ADD1ACE9A680035B86A /* AppDelegate.m in Sources */,
				84E31ADA1ACE9A680035B86A /* main.m in Sources */,
			);
			runOnlyForDeploymentPostprocessing = 0;
		};
		84E31AE91ACE9A680035B86A /* Sources */ = {
			isa = PBXSourcesBuildPhase;
			buildActionMask = 2147483647;
			files = (
				84E31AF41ACE9A680035B86A /* CoozieTests.m in Sources */,
			);
			runOnlyForDeploymentPostprocessing = 0;
		};
/* End PBXSourcesBuildPhase section */

/* Begin PBXTargetDependency section */
		84E31AEF1ACE9A680035B86A /* PBXTargetDependency */ = {
			isa = PBXTargetDependency;
			target = 84E31AD31ACE9A680035B86A /* Coozie */;
			targetProxy = 84E31AEE1ACE9A680035B86A /* PBXContainerItemProxy */;
		};
/* End PBXTargetDependency section */

/* Begin PBXVariantGroup section */
		84E31AE11ACE9A680035B86A /* Main.storyboard */ = {
			isa = PBXVariantGroup;
			children = (
				84E31AE21ACE9A680035B86A /* Base */,
			);
			name = Main.storyboard;
			sourceTree = "<group>";
		};
		84E31AE61ACE9A680035B86A /* LaunchScreen.xib */ = {
			isa = PBXVariantGroup;
			children = (
				84E31AE71ACE9A680035B86A /* Base */,
			);
			name = LaunchScreen.xib;
			sourceTree = "<group>";
		};
/* End PBXVariantGroup section */

/* Begin XCBuildConfiguration section */
		84E31AF51ACE9A680035B86A /* Debug */ = {
			isa = XCBuildConfiguration;
			buildSettings = {
				ALWAYS_SEARCH_USER_PATHS = NO;
				CLANG_CXX_LANGUAGE_STANDARD = "gnu++0x";
				CLANG_CXX_LIBRARY = "libc++";
				CLANG_ENABLE_MODULES = YES;
				CLANG_ENABLE_OBJC_ARC = YES;
				CLANG_WARN_BOOL_CONVERSION = YES;
				CLANG_WARN_CONSTANT_CONVERSION = YES;
				CLANG_WARN_DIRECT_OBJC_ISA_USAGE = YES_ERROR;
				CLANG_WARN_EMPTY_BODY = YES;
				CLANG_WARN_ENUM_CONVERSION = YES;
				CLANG_WARN_INT_CONVERSION = YES;
				CLANG_WARN_OBJC_ROOT_CLASS = YES_ERROR;
				CLANG_WARN_UNREACHABLE_CODE = YES;
				CLANG_WARN__DUPLICATE_METHOD_MATCH = YES;
				"CODE_SIGN_IDENTITY[sdk=iphoneos*]" = "iPhone Developer";
				COPY_PHASE_STRIP = NO;
				ENABLE_STRICT_OBJC_MSGSEND = YES;
				GCC_C_LANGUAGE_STANDARD = gnu99;
				GCC_DYNAMIC_NO_PIC = NO;
				GCC_OPTIMIZATION_LEVEL = 0;
				GCC_PREPROCESSOR_DEFINITIONS = (
					"DEBUG=1",
					"$(inherited)",
				);
				GCC_SYMBOLS_PRIVATE_EXTERN = NO;
				GCC_WARN_64_TO_32_BIT_CONVERSION = YES;
				GCC_WARN_ABOUT_RETURN_TYPE = YES_ERROR;
				GCC_WARN_UNDECLARED_SELECTOR = YES;
				GCC_WARN_UNINITIALIZED_AUTOS = YES_AGGRESSIVE;
				GCC_WARN_UNUSED_FUNCTION = YES;
				GCC_WARN_UNUSED_VARIABLE = YES;
				IPHONEOS_DEPLOYMENT_TARGET = 8.1;
				MTL_ENABLE_DEBUG_INFO = YES;
				ONLY_ACTIVE_ARCH = YES;
				SDKROOT = iphoneos;
				TARGETED_DEVICE_FAMILY = "1,2";
			};
			name = Debug;
		};
		84E31AF61ACE9A680035B86A /* Release */ = {
			isa = XCBuildConfiguration;
			buildSettings = {
				ALWAYS_SEARCH_USER_PATHS = NO;
				CLANG_CXX_LANGUAGE_STANDARD = "gnu++0x";
				CLANG_CXX_LIBRARY = "libc++";
				CLANG_ENABLE_MODULES = YES;
				CLANG_ENABLE_OBJC_ARC = YES;
				CLANG_WARN_BOOL_CONVERSION = YES;
				CLANG_WARN_CONSTANT_CONVERSION = YES;
				CLANG_WARN_DIRECT_OBJC_ISA_USAGE = YES_ERROR;
				CLANG_WARN_EMPTY_BODY = YES;
				CLANG_WARN_ENUM_CONVERSION = YES;
				CLANG_WARN_INT_CONVERSION = YES;
				CLANG_WARN_OBJC_ROOT_CLASS = YES_ERROR;
				CLANG_WARN_UNREACHABLE_CODE = YES;
				CLANG_WARN__DUPLICATE_METHOD_MATCH = YES;
				"CODE_SIGN_IDENTITY[sdk=iphoneos*]" = "iPhone Developer";
				COPY_PHASE_STRIP = YES;
				ENABLE_NS_ASSERTIONS = NO;
				ENABLE_STRICT_OBJC_MSGSEND = YES;
				GCC_C_LANGUAGE_STANDARD = gnu99;
				GCC_WARN_64_TO_32_BIT_CONVERSION = YES;
				GCC_WARN_ABOUT_RETURN_TYPE = YES_ERROR;
				GCC_WARN_UNDECLARED_SELECTOR = YES;
				GCC_WARN_UNINITIALIZED_AUTOS = YES_AGGRESSIVE;
				GCC_WARN_UNUSED_FUNCTION = YES;
				GCC_WARN_UNUSED_VARIABLE = YES;
				IPHONEOS_DEPLOYMENT_TARGET = 8.1;
				MTL_ENABLE_DEBUG_INFO = NO;
				SDKROOT = iphoneos;
				TARGETED_DEVICE_FAMILY = "1,2";
				VALIDATE_PRODUCT = YES;
			};
			name = Release;
		};
		84E31AF81ACE9A680035B86A /* Debug */ = {
			isa = XCBuildConfiguration;
			buildSettings = {
				ASSETCATALOG_COMPILER_APPICON_NAME = AppIcon;
				INFOPLIST_FILE = Coozie/Info.plist;
				LD_RUNPATH_SEARCH_PATHS = "$(inherited) @executable_path/Frameworks";
				PRODUCT_NAME = "$(TARGET_NAME)";
			};
			name = Debug;
		};
		84E31AF91ACE9A680035B86A /* Release */ = {
			isa = XCBuildConfiguration;
			buildSettings = {
				ASSETCATALOG_COMPILER_APPICON_NAME = AppIcon;
				INFOPLIST_FILE = Coozie/Info.plist;
				LD_RUNPATH_SEARCH_PATHS = "$(inherited) @executable_path/Frameworks";
				PRODUCT_NAME = "$(TARGET_NAME)";
			};
			name = Release;
		};
		84E31AFB1ACE9A680035B86A /* Debug */ = {
			isa = XCBuildConfiguration;
			buildSettings = {
				BUNDLE_LOADER = "$(TEST_HOST)";
				FRAMEWORK_SEARCH_PATHS = (
					"$(SDKROOT)/Developer/Library/Frameworks",
					"$(inherited)",
				);
				GCC_PREPROCESSOR_DEFINITIONS = (
					"DEBUG=1",
					"$(inherited)",
				);
				INFOPLIST_FILE = CoozieTests/Info.plist;
				LD_RUNPATH_SEARCH_PATHS = "$(inherited) @executable_path/Frameworks @loader_path/Frameworks";
				PRODUCT_NAME = "$(TARGET_NAME)";
				TEST_HOST = "$(BUILT_PRODUCTS_DIR)/Coozie.app/Coozie";
			};
			name = Debug;
		};
		84E31AFC1ACE9A680035B86A /* Release */ = {
			isa = XCBuildConfiguration;
			buildSettings = {
				BUNDLE_LOADER = "$(TEST_HOST)";
				FRAMEWORK_SEARCH_PATHS = (
					"$(SDKROOT)/Developer/Library/Frameworks",
					"$(inherited)",
				);
				INFOPLIST_FILE = CoozieTests/Info.plist;
				LD_RUNPATH_SEARCH_PATHS = "$(inherited) @executable_path/Frameworks @loader_path/Frameworks";
				PRODUCT_NAME = "$(TARGET_NAME)";
				TEST_HOST = "$(BUILT_PRODUCTS_DIR)/Coozie.app/Coozie";
			};
			name = Release;
		};
/* End XCBuildConfiguration section */

/* Begin XCConfigurationList section */
		84E31ACF1ACE9A680035B86A /* Build configuration list for PBXProject "Coozie" */ = {
			isa = XCConfigurationList;
			buildConfigurations = (
				84E31AF51ACE9A680035B86A /* Debug */,
				84E31AF61ACE9A680035B86A /* Release */,
			);
			defaultConfigurationIsVisible = 0;
			defaultConfigurationName = Release;
		};
		84E31AF71ACE9A680035B86A /* Build configuration list for PBXNativeTarget "Coozie" */ = {
			isa = XCConfigurationList;
			buildConfigurations = (
				84E31AF81ACE9A680035B86A /* Debug */,
				84E31AF91ACE9A680035B86A /* Release */,
			);
			defaultConfigurationIsVisible = 0;
		};
		84E31AFA1ACE9A680035B86A /* Build configuration list for PBXNativeTarget "CoozieTests" */ = {
			isa = XCConfigurationList;
			buildConfigurations = (
				84E31AFB1ACE9A680035B86A /* Debug */,
				84E31AFC1ACE9A680035B86A /* Release */,
			);
			defaultConfigurationIsVisible = 0;
		};
/* End XCConfigurationList section */
	};
	rootObject = 84E31ACC1ACE9A680035B86A /* Project object */;
}
